
Microsoft Visual Studio Solution File, Format Version 12.00
# Visual Studio Version 17
VisualStudioVersion = 17.10.35027.167
MinimumVisualStudioVersion = 10.0.40219.1
Project("{FAE04EC0-301F-11D3-BF4B-00C04F79EFBC}") = "the-long-game", "the-long-game\the-long-game.csproj", "{FF5B3E24-E657-4389-BA94-132D62F834AD}"
EndProject
Global
	GlobalSection(SolutionConfigurationPlatforms) = preSolution
		Debug|Any CPU = Debug|Any CPU
		Release|Any CPU = Release|Any CPU
	EndGlobalSection
	GlobalSection(ProjectConfigurationPlatforms) = postSolution
		{FF5B3E24-E657-4389-BA94-132D62F834AD}.Debug|Any CPU.ActiveCfg = Debug|Any CPU
		{FF5B3E24-E657-4389-BA94-132D62F834AD}.Debug|Any CPU.Build.0 = Debug|Any CPU
		{FF5B3E24-E657-4389-BA94-132D62F834AD}.Release|Any CPU.ActiveCfg = Release|Any CPU
		{FF5B3E24-E657-4389-BA94-132D62F834AD}.Release|Any CPU.Build.0 = Release|Any CPU
	EndGlobalSection
	GlobalSection(SolutionProperties) = preSolution
		HideSolutionNode = FALSE
	EndGlobalSection
	GlobalSection(ExtensibilityGlobals) = postSolution
		SolutionGuid = {7C98B67F-02C3-4C3E-9A3F-BD5098B368F6}
	EndGlobalSection
EndGlobal
